
Microsoft Visual Studio Solution File, Format Version 12.00
# Visual Studio Version 17
VisualStudioVersion = 17.14.36518.9 d17.14
MinimumVisualStudioVersion = 10.0.40219.1
Project("{FAE04EC0-301F-11D3-BF4B-00C04F79EFBC}") = "ProductService", "ProductService.csproj", "{ED07A630-C998-4E62-9DEF-EB1D5B033EE0}"
EndProject
Global
	GlobalSection(SolutionConfigurationPlatforms) = preSolution
		Debug|Any CPU = Debug|Any CPU
		Release|Any CPU = Release|Any CPU
	EndGlobalSection
	GlobalSection(ProjectConfigurationPlatforms) = postSolution
		{ED07A630-C998-4E62-9DEF-EB1D5B033EE0}.Debug|Any CPU.ActiveCfg = Debug|Any CPU
		{ED07A630-C998-4E62-9DEF-EB1D5B033EE0}.Debug|Any CPU.Build.0 = Debug|Any CPU
		{ED07A630-C998-4E62-9DEF-EB1D5B033EE0}.Release|Any CPU.ActiveCfg = Release|Any CPU
		{ED07A630-C998-4E62-9DEF-EB1D5B033EE0}.Release|Any CPU.Build.0 = Release|Any CPU
	EndGlobalSection
	GlobalSection(SolutionProperties) = preSolution
		HideSolutionNode = FALSE
	EndGlobalSection
	GlobalSection(ExtensibilityGlobals) = postSolution
		SolutionGuid = {F6A579A0-3F90-43A4-97DA-A31BFE4DE697}
	EndGlobalSection
EndGlobal
